// !$*UTF8*$!
{
	archiveVersion = 1;
	classes = {
	};
	objectVersion = 56;
	objects = {

/* Begin PBXBuildFile section */
		F3CF56762ACAE4A4006F59DC /* AppDelegate.swift in Sources */ = {isa = PBXBuildFile; fileRef = F3CF56752ACAE4A4006F59DC /* AppDelegate.swift */; };
		F3CF56782ACAE4A4006F59DC /* SceneDelegate.swift in Sources */ = {isa = PBXBuildFile; fileRef = F3CF56772ACAE4A4006F59DC /* SceneDelegate.swift */; };
		F3CF567F2ACAE4A5006F59DC /* Assets.xcassets in Resources */ = {isa = PBXBuildFile; fileRef = F3CF567E2ACAE4A5006F59DC /* Assets.xcassets */; };
		F3CF56822ACAE4A5006F59DC /* LaunchScreen.storyboard in Resources */ = {isa = PBXBuildFile; fileRef = F3CF56802ACAE4A5006F59DC /* LaunchScreen.storyboard */; };
		F3CF56932ACAE53D006F59DC /* RMLocation.swift in Sources */ = {isa = PBXBuildFile; fileRef = F3CF56902ACAE53D006F59DC /* RMLocation.swift */; };
		F3CF56942ACAE53D006F59DC /* RMCharacter.swift in Sources */ = {isa = PBXBuildFile; fileRef = F3CF56912ACAE53D006F59DC /* RMCharacter.swift */; };
		F3CF56952ACAE53D006F59DC /* RMEpisode.swift in Sources */ = {isa = PBXBuildFile; fileRef = F3CF56922ACAE53D006F59DC /* RMEpisode.swift */; };
		F3CF569C2ACAE559006F59DC /* RMSettingsViewController.swift in Sources */ = {isa = PBXBuildFile; fileRef = F3CF56972ACAE558006F59DC /* RMSettingsViewController.swift */; };
		F3CF569D2ACAE559006F59DC /* RMCharacterViewController.swift in Sources */ = {isa = PBXBuildFile; fileRef = F3CF56982ACAE559006F59DC /* RMCharacterViewController.swift */; };
		F3CF569E2ACAE559006F59DC /* RMLocationViewController.swift in Sources */ = {isa = PBXBuildFile; fileRef = F3CF56992ACAE559006F59DC /* RMLocationViewController.swift */; };
		F3CF569F2ACAE559006F59DC /* RMTabBarController.swift in Sources */ = {isa = PBXBuildFile; fileRef = F3CF569A2ACAE559006F59DC /* RMTabBarController.swift */; };
		F3CF56A02ACAE559006F59DC /* RMEpisodeViewController.swift in Sources */ = {isa = PBXBuildFile; fileRef = F3CF569B2ACAE559006F59DC /* RMEpisodeViewController.swift */; };
		F3CF56A22ACB0984006F59DC /* RMService.swift in Sources */ = {isa = PBXBuildFile; fileRef = F3CF56A12ACB0984006F59DC /* RMService.swift */; };
		F3CF56A42ACB09AC006F59DC /* RMRequest.swift in Sources */ = {isa = PBXBuildFile; fileRef = F3CF56A32ACB09AC006F59DC /* RMRequest.swift */; };
		F3CF56A62ACB0A94006F59DC /* RMEndPoint.swift in Sources */ = {isa = PBXBuildFile; fileRef = F3CF56A52ACB0A94006F59DC /* RMEndPoint.swift */; };
/* End PBXBuildFile section */

/* Begin PBXFileReference section */
		F3CF56722ACAE4A4006F59DC /* RickAndMorty.app */ = {isa = PBXFileReference; explicitFileType = wrapper.application; includeInIndex = 0; path = RickAndMorty.app; sourceTree = BUILT_PRODUCTS_DIR; };
		F3CF56752ACAE4A4006F59DC /* AppDelegate.swift */ = {isa = PBXFileReference; lastKnownFileType = sourcecode.swift; path = AppDelegate.swift; sourceTree = "<group>"; };
		F3CF56772ACAE4A4006F59DC /* SceneDelegate.swift */ = {isa = PBXFileReference; lastKnownFileType = sourcecode.swift; path = SceneDelegate.swift; sourceTree = "<group>"; };
		F3CF567E2ACAE4A5006F59DC /* Assets.xcassets */ = {isa = PBXFileReference; lastKnownFileType = folder.assetcatalog; path = Assets.xcassets; sourceTree = "<group>"; };
		F3CF56812ACAE4A5006F59DC /* Base */ = {isa = PBXFileReference; lastKnownFileType = file.storyboard; name = Base; path = Base.lproj/LaunchScreen.storyboard; sourceTree = "<group>"; };
		F3CF56832ACAE4A5006F59DC /* Info.plist */ = {isa = PBXFileReference; lastKnownFileType = text.plist.xml; path = Info.plist; sourceTree = "<group>"; };
		F3CF56902ACAE53D006F59DC /* RMLocation.swift */ = {isa = PBXFileReference; fileEncoding = 4; lastKnownFileType = sourcecode.swift; path = RMLocation.swift; sourceTree = "<group>"; };
		F3CF56912ACAE53D006F59DC /* RMCharacter.swift */ = {isa = PBXFileReference; fileEncoding = 4; lastKnownFileType = sourcecode.swift; path = RMCharacter.swift; sourceTree = "<group>"; };
		F3CF56922ACAE53D006F59DC /* RMEpisode.swift */ = {isa = PBXFileReference; fileEncoding = 4; lastKnownFileType = sourcecode.swift; path = RMEpisode.swift; sourceTree = "<group>"; };
		F3CF56972ACAE558006F59DC /* RMSettingsViewController.swift */ = {isa = PBXFileReference; fileEncoding = 4; lastKnownFileType = sourcecode.swift; path = RMSettingsViewController.swift; sourceTree = "<group>"; };
		F3CF56982ACAE559006F59DC /* RMCharacterViewController.swift */ = {isa = PBXFileReference; fileEncoding = 4; lastKnownFileType = sourcecode.swift; path = RMCharacterViewController.swift; sourceTree = "<group>"; };
		F3CF56992ACAE559006F59DC /* RMLocationViewController.swift */ = {isa = PBXFileReference; fileEncoding = 4; lastKnownFileType = sourcecode.swift; path = RMLocationViewController.swift; sourceTree = "<group>"; };
		F3CF569A2ACAE559006F59DC /* RMTabBarController.swift */ = {isa = PBXFileReference; fileEncoding = 4; lastKnownFileType = sourcecode.swift; path = RMTabBarController.swift; sourceTree = "<group>"; };
		F3CF569B2ACAE559006F59DC /* RMEpisodeViewController.swift */ = {isa = PBXFileReference; fileEncoding = 4; lastKnownFileType = sourcecode.swift; path = RMEpisodeViewController.swift; sourceTree = "<group>"; };
		F3CF56A12ACB0984006F59DC /* RMService.swift */ = {isa = PBXFileReference; lastKnownFileType = sourcecode.swift; path = RMService.swift; sourceTree = "<group>"; };
		F3CF56A32ACB09AC006F59DC /* RMRequest.swift */ = {isa = PBXFileReference; lastKnownFileType = sourcecode.swift; path = RMRequest.swift; sourceTree = "<group>"; };
		F3CF56A52ACB0A94006F59DC /* RMEndPoint.swift */ = {isa = PBXFileReference; lastKnownFileType = sourcecode.swift; path = RMEndPoint.swift; sourceTree = "<group>"; };
/* End PBXFileReference section */

/* Begin PBXFrameworksBuildPhase section */
		F3CF566F2ACAE4A4006F59DC /* Frameworks */ = {
			isa = PBXFrameworksBuildPhase;
			buildActionMask = 2147483647;
			files = (
			);
			runOnlyForDeploymentPostprocessing = 0;
		};
/* End PBXFrameworksBuildPhase section */

/* Begin PBXGroup section */
		F3CF56692ACAE4A4006F59DC = {
			isa = PBXGroup;
			children = (
				F3CF56742ACAE4A4006F59DC /* RickAndMorty */,
				F3CF56732ACAE4A4006F59DC /* Products */,
			);
			sourceTree = "<group>";
		};
		F3CF56732ACAE4A4006F59DC /* Products */ = {
			isa = PBXGroup;
			children = (
				F3CF56722ACAE4A4006F59DC /* RickAndMorty.app */,
			);
			name = Products;
			sourceTree = "<group>";
		};
		F3CF56742ACAE4A4006F59DC /* RickAndMorty */ = {
			isa = PBXGroup;
			children = (
				F3CF568F2ACAE4FF006F59DC /* Resources */,
				F3CF568E2ACAE4F9006F59DC /* Managers */,
				F3CF568D2ACAE4F3006F59DC /* APIClient */,
				F3CF568C2ACAE4EC006F59DC /* ViewModels */,
				F3CF568B2ACAE4E7006F59DC /* Views */,
				F3CF568A2ACAE4E1006F59DC /* Models */,
				F3CF56892ACAE4DC006F59DC /* Controllers */,
				F3CF56832ACAE4A5006F59DC /* Info.plist */,
			);
			path = RickAndMorty;
			sourceTree = "<group>";
		};
		F3CF56892ACAE4DC006F59DC /* Controllers */ = {
			isa = PBXGroup;
			children = (
				F3CF56962ACAE54B006F59DC /* Core */,
			);
			path = Controllers;
			sourceTree = "<group>";
		};
		F3CF568A2ACAE4E1006F59DC /* Models */ = {
			isa = PBXGroup;
			children = (
				F3CF56912ACAE53D006F59DC /* RMCharacter.swift */,
				F3CF56922ACAE53D006F59DC /* RMEpisode.swift */,
				F3CF56902ACAE53D006F59DC /* RMLocation.swift */,
			);
			path = Models;
			sourceTree = "<group>";
		};
		F3CF568B2ACAE4E7006F59DC /* Views */ = {
			isa = PBXGroup;
			children = (
			);
			path = Views;
			sourceTree = "<group>";
		};
		F3CF568C2ACAE4EC006F59DC /* ViewModels */ = {
			isa = PBXGroup;
			children = (
			);
			path = ViewModels;
			sourceTree = "<group>";
		};
		F3CF568D2ACAE4F3006F59DC /* APIClient */ = {
			isa = PBXGroup;
			children = (
				F3CF56A12ACB0984006F59DC /* RMService.swift */,
				F3CF56A32ACB09AC006F59DC /* RMRequest.swift */,
				F3CF56A52ACB0A94006F59DC /* RMEndPoint.swift */,
			);
			path = APIClient;
			sourceTree = "<group>";
		};
		F3CF568E2ACAE4F9006F59DC /* Managers */ = {
			isa = PBXGroup;
			children = (
			);
			path = Managers;
			sourceTree = "<group>";
		};
		F3CF568F2ACAE4FF006F59DC /* Resources */ = {
			isa = PBXGroup;
			children = (
				F3CF56752ACAE4A4006F59DC /* AppDelegate.swift */,
				F3CF56772ACAE4A4006F59DC /* SceneDelegate.swift */,
				F3CF567E2ACAE4A5006F59DC /* Assets.xcassets */,
				F3CF56802ACAE4A5006F59DC /* LaunchScreen.storyboard */,
			);
			path = Resources;
			sourceTree = "<group>";
		};
		F3CF56962ACAE54B006F59DC /* Core */ = {
			isa = PBXGroup;
			children = (
				F3CF569A2ACAE559006F59DC /* RMTabBarController.swift */,
				F3CF56982ACAE559006F59DC /* RMCharacterViewController.swift */,
				F3CF56992ACAE559006F59DC /* RMLocationViewController.swift */,
				F3CF569B2ACAE559006F59DC /* RMEpisodeViewController.swift */,
				F3CF56972ACAE558006F59DC /* RMSettingsViewController.swift */,
			);
			path = Core;
			sourceTree = "<group>";
		};
/* End PBXGroup section */

/* Begin PBXNativeTarget section */
		F3CF56712ACAE4A4006F59DC /* RickAndMorty */ = {
			isa = PBXNativeTarget;
			buildConfigurationList = F3CF56862ACAE4A5006F59DC /* Build configuration list for PBXNativeTarget "RickAndMorty" */;
			buildPhases = (
				F3CF566E2ACAE4A4006F59DC /* Sources */,
				F3CF566F2ACAE4A4006F59DC /* Frameworks */,
				F3CF56702ACAE4A4006F59DC /* Resources */,
			);
			buildRules = (
			);
			dependencies = (
			);
			name = RickAndMorty;
			productName = RickAndMorty;
			productReference = F3CF56722ACAE4A4006F59DC /* RickAndMorty.app */;
			productType = "com.apple.product-type.application";
		};
/* End PBXNativeTarget section */

/* Begin PBXProject section */
		F3CF566A2ACAE4A4006F59DC /* Project object */ = {
			isa = PBXProject;
			attributes = {
				BuildIndependentTargetsInParallel = 1;
				LastSwiftUpdateCheck = 1500;
				LastUpgradeCheck = 1500;
				TargetAttributes = {
					F3CF56712ACAE4A4006F59DC = {
						CreatedOnToolsVersion = 15.0;
					};
				};
			};
			buildConfigurationList = F3CF566D2ACAE4A4006F59DC /* Build configuration list for PBXProject "RickAndMorty" */;
			compatibilityVersion = "Xcode 14.0";
			developmentRegion = en;
			hasScannedForEncodings = 0;
			knownRegions = (
				en,
				Base,
			);
			mainGroup = F3CF56692ACAE4A4006F59DC;
			productRefGroup = F3CF56732ACAE4A4006F59DC /* Products */;
			projectDirPath = "";
			projectRoot = "";
			targets = (
				F3CF56712ACAE4A4006F59DC /* RickAndMorty */,
			);
		};
/* End PBXProject section */

/* Begin PBXResourcesBuildPhase section */
		F3CF56702ACAE4A4006F59DC /* Resources */ = {
			isa = PBXResourcesBuildPhase;
			buildActionMask = 2147483647;
			files = (
				F3CF56822ACAE4A5006F59DC /* LaunchScreen.storyboard in Resources */,
				F3CF567F2ACAE4A5006F59DC /* Assets.xcassets in Resources */,
			);
			runOnlyForDeploymentPostprocessing = 0;
		};
/* End PBXResourcesBuildPhase section */

/* Begin PBXSourcesBuildPhase section */
		F3CF566E2ACAE4A4006F59DC /* Sources */ = {
			isa = PBXSourcesBuildPhase;
			buildActionMask = 2147483647;
			files = (
				F3CF569E2ACAE559006F59DC /* RMLocationViewController.swift in Sources */,
				F3CF56952ACAE53D006F59DC /* RMEpisode.swift in Sources */,
				F3CF569F2ACAE559006F59DC /* RMTabBarController.swift in Sources */,
				F3CF56762ACAE4A4006F59DC /* AppDelegate.swift in Sources */,
				F3CF56782ACAE4A4006F59DC /* SceneDelegate.swift in Sources */,
				F3CF56932ACAE53D006F59DC /* RMLocation.swift in Sources */,
				F3CF569D2ACAE559006F59DC /* RMCharacterViewController.swift in Sources */,
				F3CF56A62ACB0A94006F59DC /* RMEndPoint.swift in Sources */,
				F3CF56A22ACB0984006F59DC /* RMService.swift in Sources */,
				F3CF569C2ACAE559006F59DC /* RMSettingsViewController.swift in Sources */,
				F3CF56942ACAE53D006F59DC /* RMCharacter.swift in Sources */,
				F3CF56A42ACB09AC006F59DC /* RMRequest.swift in Sources */,
				F3CF56A02ACAE559006F59DC /* RMEpisodeViewController.swift in Sources */,
			);
			runOnlyForDeploymentPostprocessing = 0;
		};
/* End PBXSourcesBuildPhase section */

/* Begin PBXVariantGroup section */
		F3CF56802ACAE4A5006F59DC /* LaunchScreen.storyboard */ = {
			isa = PBXVariantGroup;
			children = (
				F3CF56812ACAE4A5006F59DC /* Base */,
			);
			name = LaunchScreen.storyboard;
			sourceTree = "<group>";
		};
/* End PBXVariantGroup section */

/* Begin XCBuildConfiguration section */
		F3CF56842ACAE4A5006F59DC /* Debug */ = {
			isa = XCBuildConfiguration;
			buildSettings = {
				ALWAYS_SEARCH_USER_PATHS = NO;
				ASSETCATALOG_COMPILER_GENERATE_SWIFT_ASSET_SYMBOL_EXTENSIONS = YES;
				CLANG_ANALYZER_NONNULL = YES;
				CLANG_ANALYZER_NUMBER_OBJECT_CONVERSION = YES_AGGRESSIVE;
				CLANG_CXX_LANGUAGE_STANDARD = "gnu++20";
				CLANG_ENABLE_MODULES = YES;
				CLANG_ENABLE_OBJC_ARC = YES;
				CLANG_ENABLE_OBJC_WEAK = YES;
				CLANG_WARN_BLOCK_CAPTURE_AUTORELEASING = YES;
				CLANG_WARN_BOOL_CONVERSION = YES;
				CLANG_WARN_COMMA = YES;
				CLANG_WARN_CONSTANT_CONVERSION = YES;
				CLANG_WARN_DEPRECATED_OBJC_IMPLEMENTATIONS = YES;
				CLANG_WARN_DIRECT_OBJC_ISA_USAGE = YES_ERROR;
				CLANG_WARN_DOCUMENTATION_COMMENTS = YES;
				CLANG_WARN_EMPTY_BODY = YES;
				CLANG_WARN_ENUM_CONVERSION = YES;
				CLANG_WARN_INFINITE_RECURSION = YES;
				CLANG_WARN_INT_CONVERSION = YES;
				CLANG_WARN_NON_LITERAL_NULL_CONVERSION = YES;
				CLANG_WARN_OBJC_IMPLICIT_RETAIN_SELF = YES;
				CLANG_WARN_OBJC_LITERAL_CONVERSION = YES;
				CLANG_WARN_OBJC_ROOT_CLASS = YES_ERROR;
				CLANG_WARN_QUOTED_INCLUDE_IN_FRAMEWORK_HEADER = YES;
				CLANG_WARN_RANGE_LOOP_ANALYSIS = YES;
				CLANG_WARN_STRICT_PROTOTYPES = YES;
				CLANG_WARN_SUSPICIOUS_MOVE = YES;
				CLANG_WARN_UNGUARDED_AVAILABILITY = YES_AGGRESSIVE;
				CLANG_WARN_UNREACHABLE_CODE = YES;
				CLANG_WARN__DUPLICATE_METHOD_MATCH = YES;
				COPY_PHASE_STRIP = NO;
				DEBUG_INFORMATION_FORMAT = dwarf;
				ENABLE_STRICT_OBJC_MSGSEND = YES;
				ENABLE_TESTABILITY = YES;
				ENABLE_USER_SCRIPT_SANDBOXING = YES;
				GCC_C_LANGUAGE_STANDARD = gnu17;
				GCC_DYNAMIC_NO_PIC = NO;
				GCC_NO_COMMON_BLOCKS = YES;
				GCC_OPTIMIZATION_LEVEL = 0;
				GCC_PREPROCESSOR_DEFINITIONS = (
					"DEBUG=1",
					"$(inherited)",
				);
				GCC_WARN_64_TO_32_BIT_CONVERSION = YES;
				GCC_WARN_ABOUT_RETURN_TYPE = YES_ERROR;
				GCC_WARN_UNDECLARED_SELECTOR = YES;
				GCC_WARN_UNINITIALIZED_AUTOS = YES_AGGRESSIVE;
				GCC_WARN_UNUSED_FUNCTION = YES;
				GCC_WARN_UNUSED_VARIABLE = YES;
				IPHONEOS_DEPLOYMENT_TARGET = 17.0;
				LOCALIZATION_PREFERS_STRING_CATALOGS = YES;
				MTL_ENABLE_DEBUG_INFO = INCLUDE_SOURCE;
				MTL_FAST_MATH = YES;
				ONLY_ACTIVE_ARCH = YES;
				SDKROOT = iphoneos;
				SWIFT_ACTIVE_COMPILATION_CONDITIONS = "DEBUG $(inherited)";
				SWIFT_OPTIMIZATION_LEVEL = "-Onone";
			};
			name = Debug;
		};
		F3CF56852ACAE4A5006F59DC /* Release */ = {
			isa = XCBuildConfiguration;
			buildSettings = {
				ALWAYS_SEARCH_USER_PATHS = NO;
				ASSETCATALOG_COMPILER_GENERATE_SWIFT_ASSET_SYMBOL_EXTENSIONS = YES;
				CLANG_ANALYZER_NONNULL = YES;
				CLANG_ANALYZER_NUMBER_OBJECT_CONVERSION = YES_AGGRESSIVE;
				CLANG_CXX_LANGUAGE_STANDARD = "gnu++20";
				CLANG_ENABLE_MODULES = YES;
				CLANG_ENABLE_OBJC_ARC = YES;
				CLANG_ENABLE_OBJC_WEAK = YES;
				CLANG_WARN_BLOCK_CAPTURE_AUTORELEASING = YES;
				CLANG_WARN_BOOL_CONVERSION = YES;
				CLANG_WARN_COMMA = YES;
				CLANG_WARN_CONSTANT_CONVERSION = YES;
				CLANG_WARN_DEPRECATED_OBJC_IMPLEMENTATIONS = YES;
				CLANG_WARN_DIRECT_OBJC_ISA_USAGE = YES_ERROR;
				CLANG_WARN_DOCUMENTATION_COMMENTS = YES;
				CLANG_WARN_EMPTY_BODY = YES;
				CLANG_WARN_ENUM_CONVERSION = YES;
				CLANG_WARN_INFINITE_RECURSION = YES;
				CLANG_WARN_INT_CONVERSION = YES;
				CLANG_WARN_NON_LITERAL_NULL_CONVERSION = YES;
				CLANG_WARN_OBJC_IMPLICIT_RETAIN_SELF = YES;
				CLANG_WARN_OBJC_LITERAL_CONVERSION = YES;
				CLANG_WARN_OBJC_ROOT_CLASS = YES_ERROR;
				CLANG_WARN_QUOTED_INCLUDE_IN_FRAMEWORK_HEADER = YES;
				CLANG_WARN_RANGE_LOOP_ANALYSIS = YES;
				CLANG_WARN_STRICT_PROTOTYPES = YES;
				CLANG_WARN_SUSPICIOUS_MOVE = YES;
				CLANG_WARN_UNGUARDED_AVAILABILITY = YES_AGGRESSIVE;
				CLANG_WARN_UNREACHABLE_CODE = YES;
				CLANG_WARN__DUPLICATE_METHOD_MATCH = YES;
				COPY_PHASE_STRIP = NO;
				DEBUG_INFORMATION_FORMAT = "dwarf-with-dsym";
				ENABLE_NS_ASSERTIONS = NO;
				ENABLE_STRICT_OBJC_MSGSEND = YES;
				ENABLE_USER_SCRIPT_SANDBOXING = YES;
				GCC_C_LANGUAGE_STANDARD = gnu17;
				GCC_NO_COMMON_BLOCKS = YES;
				GCC_WARN_64_TO_32_BIT_CONVERSION = YES;
				GCC_WARN_ABOUT_RETURN_TYPE = YES_ERROR;
				GCC_WARN_UNDECLARED_SELECTOR = YES;
				GCC_WARN_UNINITIALIZED_AUTOS = YES_AGGRESSIVE;
				GCC_WARN_UNUSED_FUNCTION = YES;
				GCC_WARN_UNUSED_VARIABLE = YES;
				IPHONEOS_DEPLOYMENT_TARGET = 17.0;
				LOCALIZATION_PREFERS_STRING_CATALOGS = YES;
				MTL_ENABLE_DEBUG_INFO = NO;
				MTL_FAST_MATH = YES;
				SDKROOT = iphoneos;
				SWIFT_COMPILATION_MODE = wholemodule;
				VALIDATE_PRODUCT = YES;
			};
			name = Release;
		};
		F3CF56872ACAE4A5006F59DC /* Debug */ = {
			isa = XCBuildConfiguration;
			buildSettings = {
				ASSETCATALOG_COMPILER_APPICON_NAME = AppIcon;
				ASSETCATALOG_COMPILER_GLOBAL_ACCENT_COLOR_NAME = AccentColor;
				CODE_SIGN_STYLE = Automatic;
				CURRENT_PROJECT_VERSION = 1;
				DEVELOPMENT_TEAM = T52NLA8Y9D;
				GENERATE_INFOPLIST_FILE = YES;
				INFOPLIST_FILE = RickAndMorty/Info.plist;
				INFOPLIST_KEY_UIApplicationSupportsIndirectInputEvents = YES;
				INFOPLIST_KEY_UILaunchStoryboardName = LaunchScreen;
				INFOPLIST_KEY_UISupportedInterfaceOrientations_iPad = "UIInterfaceOrientationPortrait UIInterfaceOrientationPortraitUpsideDown UIInterfaceOrientationLandscapeLeft UIInterfaceOrientationLandscapeRight";
				INFOPLIST_KEY_UISupportedInterfaceOrientations_iPhone = "UIInterfaceOrientationPortrait UIInterfaceOrientationLandscapeLeft UIInterfaceOrientationLandscapeRight";
				LD_RUNPATH_SEARCH_PATHS = (
					"$(inherited)",
					"@executable_path/Frameworks",
				);
				MARKETING_VERSION = 1.0;
				PRODUCT_BUNDLE_IDENTIFIER = com.borkstar.RickAndMorty;
				PRODUCT_NAME = "$(TARGET_NAME)";
				SWIFT_EMIT_LOC_STRINGS = YES;
				SWIFT_VERSION = 5.0;
				TARGETED_DEVICE_FAMILY = "1,2";
			};
			name = Debug;
		};
		F3CF56882ACAE4A5006F59DC /* Release */ = {
			isa = XCBuildConfiguration;
			buildSettings = {
				ASSETCATALOG_COMPILER_APPICON_NAME = AppIcon;
				ASSETCATALOG_COMPILER_GLOBAL_ACCENT_COLOR_NAME = AccentColor;
				CODE_SIGN_STYLE = Automatic;
				CURRENT_PROJECT_VERSION = 1;
				DEVELOPMENT_TEAM = T52NLA8Y9D;
				GENERATE_INFOPLIST_FILE = YES;
				INFOPLIST_FILE = RickAndMorty/Info.plist;
				INFOPLIST_KEY_UIApplicationSupportsIndirectInputEvents = YES;
				INFOPLIST_KEY_UILaunchStoryboardName = LaunchScreen;
				INFOPLIST_KEY_UISupportedInterfaceOrientations_iPad = "UIInterfaceOrientationPortrait UIInterfaceOrientationPortraitUpsideDown UIInterfaceOrientationLandscapeLeft UIInterfaceOrientationLandscapeRight";
				INFOPLIST_KEY_UISupportedInterfaceOrientations_iPhone = "UIInterfaceOrientationPortrait UIInterfaceOrientationLandscapeLeft UIInterfaceOrientationLandscapeRight";
				LD_RUNPATH_SEARCH_PATHS = (
					"$(inherited)",
					"@executable_path/Frameworks",
				);
				MARKETING_VERSION = 1.0;
				PRODUCT_BUNDLE_IDENTIFIER = com.borkstar.RickAndMorty;
				PRODUCT_NAME = "$(TARGET_NAME)";
				SWIFT_EMIT_LOC_STRINGS = YES;
				SWIFT_VERSION = 5.0;
				TARGETED_DEVICE_FAMILY = "1,2";
			};
			name = Release;
		};
/* End XCBuildConfiguration section */

/* Begin XCConfigurationList section */
		F3CF566D2ACAE4A4006F59DC /* Build configuration list for PBXProject "RickAndMorty" */ = {
			isa = XCConfigurationList;
			buildConfigurations = (
				F3CF56842ACAE4A5006F59DC /* Debug */,
				F3CF56852ACAE4A5006F59DC /* Release */,
			);
			defaultConfigurationIsVisible = 0;
			defaultConfigurationName = Release;
		};
		F3CF56862ACAE4A5006F59DC /* Build configuration list for PBXNativeTarget "RickAndMorty" */ = {
			isa = XCConfigurationList;
			buildConfigurations = (
				F3CF56872ACAE4A5006F59DC /* Debug */,
				F3CF56882ACAE4A5006F59DC /* Release */,
			);
			defaultConfigurationIsVisible = 0;
			defaultConfigurationName = Release;
		};
/* End XCConfigurationList section */
	};
	rootObject = F3CF566A2ACAE4A4006F59DC /* Project object */;
}
